
Microsoft Visual Studio Solution File, Format Version 12.00
# Visual Studio Version 16
VisualStudioVersion = 16.0.30709.64
MinimumVisualStudioVersion = 15.0.26124.0
Project("{9A19103F-16F7-4668-BE54-9A1E7A4F7556}") = "Harvest.Web", "Harvest.Web\Harvest.Web.csproj", "{9613D252-1CCE-4EB2-B802-471D89D2E0C0}"
EndProject
Project("{9A19103F-16F7-4668-BE54-9A1E7A4F7556}") = "Harvest.Core", "Harvest.Core\Harvest.Core.csproj", "{CF4A56E9-A24C-4881-A307-5D1A23DB481B}"
EndProject
Project("{2150E333-8FDC-42A3-9474-1A3956D46DE8}") = "Solution Items", "Solution Items", "{2F1EC784-359B-4A83-BECD-BABDECB29161}"
	ProjectSection(SolutionItems) = preProject
		.gitignore = .gitignore
		azure-pipelines-web.yml = azure-pipelines-web.yml
		LICENSE = LICENSE
		README.md = README.md
	EndProjectSection
EndProject
Project("{9A19103F-16F7-4668-BE54-9A1E7A4F7556}") = "Harvest.Email", "Harvest.Email\Harvest.Email.csproj", "{7ED2B9AE-5D44-4766-A236-195172F3660F}"
EndProject
Project("{2150E333-8FDC-42A3-9474-1A3956D46DE8}") = "Jobs", "Jobs", "{881707AF-05A1-41B0-9F8A-676A8CD552BA}"
EndProject
Project("{9A19103F-16F7-4668-BE54-9A1E7A4F7556}") = "Harvest.Jobs.Core", "Harvest.Jobs.Core\Harvest.Jobs.Core.csproj", "{D3E1A5C3-FFC7-4413-9E43-293CE0C32720}"
EndProject
Project("{9A19103F-16F7-4668-BE54-9A1E7A4F7556}") = "Harvest.Jobs.Invoice", "Harvest.Jobs.Invoice\Harvest.Jobs.Invoice.csproj", "{2C3D598F-7188-4D44-B9CD-932C7F574696}"
EndProject
Project("{9A19103F-16F7-4668-BE54-9A1E7A4F7556}") = "Harvest.Jobs.Notifications", "Harvest.Jobs.Notifications\Harvest.Jobs.Notifications.csproj", "{B72C9F44-85CF-4CEC-A156-54A443F79B26}"
EndProject
Global
	GlobalSection(SolutionConfigurationPlatforms) = preSolution
		Debug|Any CPU = Debug|Any CPU
		Debug|x64 = Debug|x64
		Debug|x86 = Debug|x86
		Release|Any CPU = Release|Any CPU
		Release|x64 = Release|x64
		Release|x86 = Release|x86
	EndGlobalSection
	GlobalSection(ProjectConfigurationPlatforms) = postSolution
		{9613D252-1CCE-4EB2-B802-471D89D2E0C0}.Debug|Any CPU.ActiveCfg = Debug|Any CPU
		{9613D252-1CCE-4EB2-B802-471D89D2E0C0}.Debug|Any CPU.Build.0 = Debug|Any CPU
		{9613D252-1CCE-4EB2-B802-471D89D2E0C0}.Debug|x64.ActiveCfg = Debug|Any CPU
		{9613D252-1CCE-4EB2-B802-471D89D2E0C0}.Debug|x64.Build.0 = Debug|Any CPU
		{9613D252-1CCE-4EB2-B802-471D89D2E0C0}.Debug|x86.ActiveCfg = Debug|Any CPU
		{9613D252-1CCE-4EB2-B802-471D89D2E0C0}.Debug|x86.Build.0 = Debug|Any CPU
		{9613D252-1CCE-4EB2-B802-471D89D2E0C0}.Release|Any CPU.ActiveCfg = Release|Any CPU
		{9613D252-1CCE-4EB2-B802-471D89D2E0C0}.Release|Any CPU.Build.0 = Release|Any CPU
		{9613D252-1CCE-4EB2-B802-471D89D2E0C0}.Release|x64.ActiveCfg = Release|Any CPU
		{9613D252-1CCE-4EB2-B802-471D89D2E0C0}.Release|x64.Build.0 = Release|Any CPU
		{9613D252-1CCE-4EB2-B802-471D89D2E0C0}.Release|x86.ActiveCfg = Release|Any CPU
		{9613D252-1CCE-4EB2-B802-471D89D2E0C0}.Release|x86.Build.0 = Release|Any CPU
		{CF4A56E9-A24C-4881-A307-5D1A23DB481B}.Debug|Any CPU.ActiveCfg = Debug|Any CPU
		{CF4A56E9-A24C-4881-A307-5D1A23DB481B}.Debug|Any CPU.Build.0 = Debug|Any CPU
		{CF4A56E9-A24C-4881-A307-5D1A23DB481B}.Debug|x64.ActiveCfg = Debug|Any CPU
		{CF4A56E9-A24C-4881-A307-5D1A23DB481B}.Debug|x64.Build.0 = Debug|Any CPU
		{CF4A56E9-A24C-4881-A307-5D1A23DB481B}.Debug|x86.ActiveCfg = Debug|Any CPU
		{CF4A56E9-A24C-4881-A307-5D1A23DB481B}.Debug|x86.Build.0 = Debug|Any CPU
		{CF4A56E9-A24C-4881-A307-5D1A23DB481B}.Release|Any CPU.ActiveCfg = Release|Any CPU
		{CF4A56E9-A24C-4881-A307-5D1A23DB481B}.Release|Any CPU.Build.0 = Release|Any CPU
		{CF4A56E9-A24C-4881-A307-5D1A23DB481B}.Release|x64.ActiveCfg = Release|Any CPU
		{CF4A56E9-A24C-4881-A307-5D1A23DB481B}.Release|x64.Build.0 = Release|Any CPU
		{CF4A56E9-A24C-4881-A307-5D1A23DB481B}.Release|x86.ActiveCfg = Release|Any CPU
		{CF4A56E9-A24C-4881-A307-5D1A23DB481B}.Release|x86.Build.0 = Release|Any CPU
		{7ED2B9AE-5D44-4766-A236-195172F3660F}.Debug|Any CPU.ActiveCfg = Debug|Any CPU
		{7ED2B9AE-5D44-4766-A236-195172F3660F}.Debug|Any CPU.Build.0 = Debug|Any CPU
		{7ED2B9AE-5D44-4766-A236-195172F3660F}.Debug|x64.ActiveCfg = Debug|Any CPU
		{7ED2B9AE-5D44-4766-A236-195172F3660F}.Debug|x64.Build.0 = Debug|Any CPU
		{7ED2B9AE-5D44-4766-A236-195172F3660F}.Debug|x86.ActiveCfg = Debug|Any CPU
		{7ED2B9AE-5D44-4766-A236-195172F3660F}.Debug|x86.Build.0 = Debug|Any CPU
		{7ED2B9AE-5D44-4766-A236-195172F3660F}.Release|Any CPU.ActiveCfg = Release|Any CPU
		{7ED2B9AE-5D44-4766-A236-195172F3660F}.Release|Any CPU.Build.0 = Release|Any CPU
		{7ED2B9AE-5D44-4766-A236-195172F3660F}.Release|x64.ActiveCfg = Release|Any CPU
		{7ED2B9AE-5D44-4766-A236-195172F3660F}.Release|x64.Build.0 = Release|Any CPU
		{7ED2B9AE-5D44-4766-A236-195172F3660F}.Release|x86.ActiveCfg = Release|Any CPU
		{7ED2B9AE-5D44-4766-A236-195172F3660F}.Release|x86.Build.0 = Release|Any CPU
		{D3E1A5C3-FFC7-4413-9E43-293CE0C32720}.Debug|Any CPU.ActiveCfg = Debug|Any CPU
		{D3E1A5C3-FFC7-4413-9E43-293CE0C32720}.Debug|Any CPU.Build.0 = Debug|Any CPU
		{D3E1A5C3-FFC7-4413-9E43-293CE0C32720}.Debug|x64.ActiveCfg = Debug|Any CPU
		{D3E1A5C3-FFC7-4413-9E43-293CE0C32720}.Debug|x64.Build.0 = Debug|Any CPU
		{D3E1A5C3-FFC7-4413-9E43-293CE0C32720}.Debug|x86.ActiveCfg = Debug|Any CPU
		{D3E1A5C3-FFC7-4413-9E43-293CE0C32720}.Debug|x86.Build.0 = Debug|Any CPU
		{D3E1A5C3-FFC7-4413-9E43-293CE0C32720}.Release|Any CPU.ActiveCfg = Release|Any CPU
		{D3E1A5C3-FFC7-4413-9E43-293CE0C32720}.Release|Any CPU.Build.0 = Release|Any CPU
		{D3E1A5C3-FFC7-4413-9E43-293CE0C32720}.Release|x64.ActiveCfg = Release|Any CPU
		{D3E1A5C3-FFC7-4413-9E43-293CE0C32720}.Release|x64.Build.0 = Release|Any CPU
		{D3E1A5C3-FFC7-4413-9E43-293CE0C32720}.Release|x86.ActiveCfg = Release|Any CPU
		{D3E1A5C3-FFC7-4413-9E43-293CE0C32720}.Release|x86.Build.0 = Release|Any CPU
		{2C3D598F-7188-4D44-B9CD-932C7F574696}.Debug|Any CPU.ActiveCfg = Debug|Any CPU
		{2C3D598F-7188-4D44-B9CD-932C7F574696}.Debug|Any CPU.Build.0 = Debug|Any CPU
		{2C3D598F-7188-4D44-B9CD-932C7F574696}.Debug|x64.ActiveCfg = Debug|Any CPU
		{2C3D598F-7188-4D44-B9CD-932C7F574696}.Debug|x64.Build.0 = Debug|Any CPU
		{2C3D598F-7188-4D44-B9CD-932C7F574696}.Debug|x86.ActiveCfg = Debug|Any CPU
		{2C3D598F-7188-4D44-B9CD-932C7F574696}.Debug|x86.Build.0 = Debug|Any CPU
		{2C3D598F-7188-4D44-B9CD-932C7F574696}.Release|Any CPU.ActiveCfg = Release|Any CPU
		{2C3D598F-7188-4D44-B9CD-932C7F574696}.Release|Any CPU.Build.0 = Release|Any CPU
		{2C3D598F-7188-4D44-B9CD-932C7F574696}.Release|x64.ActiveCfg = Release|Any CPU
		{2C3D598F-7188-4D44-B9CD-932C7F574696}.Release|x64.Build.0 = Release|Any CPU
		{2C3D598F-7188-4D44-B9CD-932C7F574696}.Release|x86.ActiveCfg = Release|Any CPU
		{2C3D598F-7188-4D44-B9CD-932C7F574696}.Release|x86.Build.0 = Release|Any CPU
		{B72C9F44-85CF-4CEC-A156-54A443F79B26}.Debug|Any CPU.ActiveCfg = Debug|Any CPU
		{B72C9F44-85CF-4CEC-A156-54A443F79B26}.Debug|Any CPU.Build.0 = Debug|Any CPU
		{B72C9F44-85CF-4CEC-A156-54A443F79B26}.Debug|x64.ActiveCfg = Debug|Any CPU
		{B72C9F44-85CF-4CEC-A156-54A443F79B26}.Debug|x64.Build.0 = Debug|Any CPU
		{B72C9F44-85CF-4CEC-A156-54A443F79B26}.Debug|x86.ActiveCfg = Debug|Any CPU
		{B72C9F44-85CF-4CEC-A156-54A443F79B26}.Debug|x86.Build.0 = Debug|Any CPU
		{B72C9F44-85CF-4CEC-A156-54A443F79B26}.Release|Any CPU.ActiveCfg = Release|Any CPU
		{B72C9F44-85CF-4CEC-A156-54A443F79B26}.Release|Any CPU.Build.0 = Release|Any CPU
		{B72C9F44-85CF-4CEC-A156-54A443F79B26}.Release|x64.ActiveCfg = Release|Any CPU
		{B72C9F44-85CF-4CEC-A156-54A443F79B26}.Release|x64.Build.0 = Release|Any CPU
		{B72C9F44-85CF-4CEC-A156-54A443F79B26}.Release|x86.ActiveCfg = Release|Any CPU
		{B72C9F44-85CF-4CEC-A156-54A443F79B26}.Release|x86.Build.0 = Release|Any CPU
	EndGlobalSection
	GlobalSection(SolutionProperties) = preSolution
		HideSolutionNode = FALSE
	EndGlobalSection
	GlobalSection(NestedProjects) = preSolution
		{D3E1A5C3-FFC7-4413-9E43-293CE0C32720} = {881707AF-05A1-41B0-9F8A-676A8CD552BA}
		{2C3D598F-7188-4D44-B9CD-932C7F574696} = {881707AF-05A1-41B0-9F8A-676A8CD552BA}
		{B72C9F44-85CF-4CEC-A156-54A443F79B26} = {881707AF-05A1-41B0-9F8A-676A8CD552BA}
	EndGlobalSection
	GlobalSection(ExtensibilityGlobals) = postSolution
		SolutionGuid = {5C9EDA1D-ABD7-4EBC-A6CA-15B0B9BD925F}
	EndGlobalSection
EndGlobal
